// !$*UTF8*$!
{
	archiveVersion = 1;
	classes = {
	};
	objectVersion = 46;
	objects = {

/* Begin PBXBuildFile section */
		340CE8E81952B17300644C44 /* Foundation.framework in Frameworks */ = {isa = PBXBuildFile; fileRef = 340CE8E71952B17300644C44 /* Foundation.framework */; };
		340CE8EA1952B17300644C44 /* CoreGraphics.framework in Frameworks */ = {isa = PBXBuildFile; fileRef = 340CE8E91952B17300644C44 /* CoreGraphics.framework */; };
		340CE8EC1952B17300644C44 /* UIKit.framework in Frameworks */ = {isa = PBXBuildFile; fileRef = 340CE8EB1952B17300644C44 /* UIKit.framework */; };
		340CE8F21952B17300644C44 /* InfoPlist.strings in Resources */ = {isa = PBXBuildFile; fileRef = 340CE8F01952B17300644C44 /* InfoPlist.strings */; };
		340CE8F41952B17300644C44 /* main.m in Sources */ = {isa = PBXBuildFile; fileRef = 340CE8F31952B17300644C44 /* main.m */; };
		340CE8F81952B17300644C44 /* AppDelegate.m in Sources */ = {isa = PBXBuildFile; fileRef = 340CE8F71952B17300644C44 /* AppDelegate.m */; };
		340CE8FB1952B17300644C44 /* Main.storyboard in Resources */ = {isa = PBXBuildFile; fileRef = 340CE8F91952B17300644C44 /* Main.storyboard */; };
		340CE8FE1952B17300644C44 /* ViewController.m in Sources */ = {isa = PBXBuildFile; fileRef = 340CE8FD1952B17300644C44 /* ViewController.m */; };
		340CE9001952B17300644C44 /* Images.xcassets in Resources */ = {isa = PBXBuildFile; fileRef = 340CE8FF1952B17300644C44 /* Images.xcassets */; };
		340CE9071952B17300644C44 /* XCTest.framework in Frameworks */ = {isa = PBXBuildFile; fileRef = 340CE9061952B17300644C44 /* XCTest.framework */; };
		340CE9081952B17300644C44 /* Foundation.framework in Frameworks */ = {isa = PBXBuildFile; fileRef = 340CE8E71952B17300644C44 /* Foundation.framework */; };
		340CE9091952B17300644C44 /* UIKit.framework in Frameworks */ = {isa = PBXBuildFile; fileRef = 340CE8EB1952B17300644C44 /* UIKit.framework */; };
		340CE9111952B17300644C44 /* InfoPlist.strings in Resources */ = {isa = PBXBuildFile; fileRef = 340CE90F1952B17300644C44 /* InfoPlist.strings */; };
		340CE9131952B17300644C44 /* ImaginariumTests.m in Sources */ = {isa = PBXBuildFile; fileRef = 340CE9121952B17300644C44 /* ImaginariumTests.m */; };
		340CE91E1952B1E500644C44 /* ImageViewController.m in Sources */ = {isa = PBXBuildFile; fileRef = 340CE91D1952B1E500644C44 /* ImageViewController.m */; };
/* End PBXBuildFile section */

/* Begin PBXContainerItemProxy section */
		340CE90A1952B17300644C44 /* PBXContainerItemProxy */ = {
			isa = PBXContainerItemProxy;
			containerPortal = 340CE8DC1952B17300644C44 /* Project object */;
			proxyType = 1;
			remoteGlobalIDString = 340CE8E31952B17300644C44;
			remoteInfo = Imaginarium;
		};
/* End PBXContainerItemProxy section */

/* Begin PBXFileReference section */
		340CE8E41952B17300644C44 /* Imaginarium.app */ = {isa = PBXFileReference; explicitFileType = wrapper.application; includeInIndex = 0; path = Imaginarium.app; sourceTree = BUILT_PRODUCTS_DIR; };
		340CE8E71952B17300644C44 /* Foundation.framework */ = {isa = PBXFileReference; lastKnownFileType = wrapper.framework; name = Foundation.framework; path = System/Library/Frameworks/Foundation.framework; sourceTree = SDKROOT; };
		340CE8E91952B17300644C44 /* CoreGraphics.framework */ = {isa = PBXFileReference; lastKnownFileType = wrapper.framework; name = CoreGraphics.framework; path = System/Library/Frameworks/CoreGraphics.framework; sourceTree = SDKROOT; };
		340CE8EB1952B17300644C44 /* UIKit.framework */ = {isa = PBXFileReference; lastKnownFileType = wrapper.framework; name = UIKit.framework; path = System/Library/Frameworks/UIKit.framework; sourceTree = SDKROOT; };
		340CE8EF1952B17300644C44 /* Imaginarium-Info.plist */ = {isa = PBXFileReference; lastKnownFileType = text.plist.xml; path = "Imaginarium-Info.plist"; sourceTree = "<group>"; };
		340CE8F11952B17300644C44 /* en */ = {isa = PBXFileReference; lastKnownFileType = text.plist.strings; name = en; path = en.lproj/InfoPlist.strings; sourceTree = "<group>"; };
		340CE8F31952B17300644C44 /* main.m */ = {isa = PBXFileReference; lastKnownFileType = sourcecode.c.objc; path = main.m; sourceTree = "<group>"; };
		340CE8F51952B17300644C44 /* Imaginarium-Prefix.pch */ = {isa = PBXFileReference; lastKnownFileType = sourcecode.c.h; path = "Imaginarium-Prefix.pch"; sourceTree = "<group>"; };
		340CE8F61952B17300644C44 /* AppDelegate.h */ = {isa = PBXFileReference; lastKnownFileType = sourcecode.c.h; path = AppDelegate.h; sourceTree = "<group>"; };
		340CE8F71952B17300644C44 /* AppDelegate.m */ = {isa = PBXFileReference; lastKnownFileType = sourcecode.c.objc; path = AppDelegate.m; sourceTree = "<group>"; };
		340CE8FA1952B17300644C44 /* Base */ = {isa = PBXFileReference; lastKnownFileType = file.storyboard; name = Base; path = Base.lproj/Main.storyboard; sourceTree = "<group>"; };
		340CE8FC1952B17300644C44 /* ViewController.h */ = {isa = PBXFileReference; lastKnownFileType = sourcecode.c.h; path = ViewController.h; sourceTree = "<group>"; };
		340CE8FD1952B17300644C44 /* ViewController.m */ = {isa = PBXFileReference; lastKnownFileType = sourcecode.c.objc; path = ViewController.m; sourceTree = "<group>"; };
		340CE8FF1952B17300644C44 /* Images.xcassets */ = {isa = PBXFileReference; lastKnownFileType = folder.assetcatalog; path = Images.xcassets; sourceTree = "<group>"; };
		340CE9051952B17300644C44 /* ImaginariumTests.xctest */ = {isa = PBXFileReference; explicitFileType = wrapper.cfbundle; includeInIndex = 0; path = ImaginariumTests.xctest; sourceTree = BUILT_PRODUCTS_DIR; };
		340CE9061952B17300644C44 /* XCTest.framework */ = {isa = PBXFileReference; lastKnownFileType = wrapper.framework; name = XCTest.framework; path = Library/Frameworks/XCTest.framework; sourceTree = DEVELOPER_DIR; };
		340CE90E1952B17300644C44 /* ImaginariumTests-Info.plist */ = {isa = PBXFileReference; lastKnownFileType = text.plist.xml; path = "ImaginariumTests-Info.plist"; sourceTree = "<group>"; };
		340CE9101952B17300644C44 /* en */ = {isa = PBXFileReference; lastKnownFileType = text.plist.strings; name = en; path = en.lproj/InfoPlist.strings; sourceTree = "<group>"; };
		340CE9121952B17300644C44 /* ImaginariumTests.m */ = {isa = PBXFileReference; lastKnownFileType = sourcecode.c.objc; path = ImaginariumTests.m; sourceTree = "<group>"; };
		340CE91C1952B1E500644C44 /* ImageViewController.h */ = {isa = PBXFileReference; fileEncoding = 4; lastKnownFileType = sourcecode.c.h; path = ImageViewController.h; sourceTree = "<group>"; };
		340CE91D1952B1E500644C44 /* ImageViewController.m */ = {isa = PBXFileReference; fileEncoding = 4; lastKnownFileType = sourcecode.c.objc; path = ImageViewController.m; sourceTree = "<group>"; };
/* End PBXFileReference section */

/* Begin PBXFrameworksBuildPhase section */
		340CE8E11952B17300644C44 /* Frameworks */ = {
			isa = PBXFrameworksBuildPhase;
			buildActionMask = 2147483647;
			files = (
				340CE8EA1952B17300644C44 /* CoreGraphics.framework in Frameworks */,
				340CE8EC1952B17300644C44 /* UIKit.framework in Frameworks */,
				340CE8E81952B17300644C44 /* Foundation.framework in Frameworks */,
			);
			runOnlyForDeploymentPostprocessing = 0;
		};
		340CE9021952B17300644C44 /* Frameworks */ = {
			isa = PBXFrameworksBuildPhase;
			buildActionMask = 2147483647;
			files = (
				340CE9071952B17300644C44 /* XCTest.framework in Frameworks */,
				340CE9091952B17300644C44 /* UIKit.framework in Frameworks */,
				340CE9081952B17300644C44 /* Foundation.framework in Frameworks */,
			);
			runOnlyForDeploymentPostprocessing = 0;
		};
/* End PBXFrameworksBuildPhase section */

/* Begin PBXGroup section */
		340CE8DB1952B17300644C44 = {
			isa = PBXGroup;
			children = (
				340CE8ED1952B17300644C44 /* Imaginarium */,
				340CE90C1952B17300644C44 /* ImaginariumTests */,
				340CE8E61952B17300644C44 /* Frameworks */,
				340CE8E51952B17300644C44 /* Products */,
			);
			sourceTree = "<group>";
		};
		340CE8E51952B17300644C44 /* Products */ = {
			isa = PBXGroup;
			children = (
				340CE8E41952B17300644C44 /* Imaginarium.app */,
				340CE9051952B17300644C44 /* ImaginariumTests.xctest */,
			);
			name = Products;
			sourceTree = "<group>";
		};
		340CE8E61952B17300644C44 /* Frameworks */ = {
			isa = PBXGroup;
			children = (
				340CE8E71952B17300644C44 /* Foundation.framework */,
				340CE8E91952B17300644C44 /* CoreGraphics.framework */,
				340CE8EB1952B17300644C44 /* UIKit.framework */,
				340CE9061952B17300644C44 /* XCTest.framework */,
			);
			name = Frameworks;
			sourceTree = "<group>";
		};
		340CE8ED1952B17300644C44 /* Imaginarium */ = {
			isa = PBXGroup;
			children = (
				340CE8F91952B17300644C44 /* Main.storyboard */,
				340CE91C1952B1E500644C44 /* ImageViewController.h */,
				340CE91D1952B1E500644C44 /* ImageViewController.m */,
				340CE8FC1952B17300644C44 /* ViewController.h */,
				340CE8FD1952B17300644C44 /* ViewController.m */,
				340CE8FF1952B17300644C44 /* Images.xcassets */,
				340CE8EE1952B17300644C44 /* Supporting Files */,
			);
			path = Imaginarium;
			sourceTree = "<group>";
		};
		340CE8EE1952B17300644C44 /* Supporting Files */ = {
			isa = PBXGroup;
			children = (
				340CE8F61952B17300644C44 /* AppDelegate.h */,
				340CE8F71952B17300644C44 /* AppDelegate.m */,
				340CE8EF1952B17300644C44 /* Imaginarium-Info.plist */,
				340CE8F01952B17300644C44 /* InfoPlist.strings */,
				340CE8F31952B17300644C44 /* main.m */,
				340CE8F51952B17300644C44 /* Imaginarium-Prefix.pch */,
			);
			name = "Supporting Files";
			sourceTree = "<group>";
		};
		340CE90C1952B17300644C44 /* ImaginariumTests */ = {
			isa = PBXGroup;
			children = (
				340CE9121952B17300644C44 /* ImaginariumTests.m */,
				340CE90D1952B17300644C44 /* Supporting Files */,
			);
			path = ImaginariumTests;
			sourceTree = "<group>";
		};
		340CE90D1952B17300644C44 /* Supporting Files */ = {
			isa = PBXGroup;
			children = (
				340CE90E1952B17300644C44 /* ImaginariumTests-Info.plist */,
				340CE90F1952B17300644C44 /* InfoPlist.strings */,
			);
			name = "Supporting Files";
			sourceTree = "<group>";
		};
/* End PBXGroup section */

/* Begin PBXNativeTarget section */
		340CE8E31952B17300644C44 /* Imaginarium */ = {
			isa = PBXNativeTarget;
			buildConfigurationList = 340CE9161952B17300644C44 /* Build configuration list for PBXNativeTarget "Imaginarium" */;
			buildPhases = (
				340CE8E01952B17300644C44 /* Sources */,
				340CE8E11952B17300644C44 /* Frameworks */,
				340CE8E21952B17300644C44 /* Resources */,
			);
			buildRules = (
			);
			dependencies = (
			);
			name = Imaginarium;
			productName = Imaginarium;
			productReference = 340CE8E41952B17300644C44 /* Imaginarium.app */;
			productType = "com.apple.product-type.application";
		};
		340CE9041952B17300644C44 /* ImaginariumTests */ = {
			isa = PBXNativeTarget;
			buildConfigurationList = 340CE9191952B17300644C44 /* Build configuration list for PBXNativeTarget "ImaginariumTests" */;
			buildPhases = (
				340CE9011952B17300644C44 /* Sources */,
				340CE9021952B17300644C44 /* Frameworks */,
				340CE9031952B17300644C44 /* Resources */,
			);
			buildRules = (
			);
			dependencies = (
				340CE90B1952B17300644C44 /* PBXTargetDependency */,
			);
			name = ImaginariumTests;
			productName = ImaginariumTests;
			productReference = 340CE9051952B17300644C44 /* ImaginariumTests.xctest */;
			productType = "com.apple.product-type.bundle.unit-test";
		};
/* End PBXNativeTarget section */

/* Begin PBXProject section */
		340CE8DC1952B17300644C44 /* Project object */ = {
			isa = PBXProject;
			attributes = {
				LastUpgradeCheck = 0510;
				ORGANIZATIONNAME = "___FULLUSERNAME___";
				TargetAttributes = {
					340CE9041952B17300644C44 = {
						TestTargetID = 340CE8E31952B17300644C44;
					};
				};
			};
			buildConfigurationList = 340CE8DF1952B17300644C44 /* Build configuration list for PBXProject "Imaginarium" */;
			compatibilityVersion = "Xcode 3.2";
			developmentRegion = English;
			hasScannedForEncodings = 0;
			knownRegions = (
				en,
				Base,
			);
			mainGroup = 340CE8DB1952B17300644C44;
			productRefGroup = 340CE8E51952B17300644C44 /* Products */;
			projectDirPath = "";
			projectRoot = "";
			targets = (
				340CE8E31952B17300644C44 /* Imaginarium */,
				340CE9041952B17300644C44 /* ImaginariumTests */,
			);
		};
/* End PBXProject section */

/* Begin PBXResourcesBuildPhase section */
		340CE8E21952B17300644C44 /* Resources */ = {
			isa = PBXResourcesBuildPhase;
			buildActionMask = 2147483647;
			files = (
				340CE9001952B17300644C44 /* Images.xcassets in Resources */,
				340CE8F21952B17300644C44 /* InfoPlist.strings in Resources */,
				340CE8FB1952B17300644C44 /* Main.storyboard in Resources */,
			);
			runOnlyForDeploymentPostprocessing = 0;
		};
		340CE9031952B17300644C44 /* Resources */ = {
			isa = PBXResourcesBuildPhase;
			buildActionMask = 2147483647;
			files = (
				340CE9111952B17300644C44 /* InfoPlist.strings in Resources */,
			);
			runOnlyForDeploymentPostprocessing = 0;
		};
/* End PBXResourcesBuildPhase section */

/* Begin PBXSourcesBuildPhase section */
		340CE8E01952B17300644C44 /* Sources */ = {
			isa = PBXSourcesBuildPhase;
			buildActionMask = 2147483647;
			files = (
				340CE8FE1952B17300644C44 /* ViewController.m in Sources */,
				340CE8F81952B17300644C44 /* AppDelegate.m in Sources */,
				340CE91E1952B1E500644C44 /* ImageViewController.m in Sources */,
				340CE8F41952B17300644C44 /* main.m in Sources */,
			);
			runOnlyForDeploymentPostprocessing = 0;
		};
		340CE9011952B17300644C44 /* Sources */ = {
			isa = PBXSourcesBuildPhase;
			buildActionMask = 2147483647;
			files = (
				340CE9131952B17300644C44 /* ImaginariumTests.m in Sources */,
			);
			runOnlyForDeploymentPostprocessing = 0;
		};
/* End PBXSourcesBuildPhase section */

/* Begin PBXTargetDependency section */
		340CE90B1952B17300644C44 /* PBXTargetDependency */ = {
			isa = PBXTargetDependency;
			target = 340CE8E31952B17300644C44 /* Imaginarium */;
			targetProxy = 340CE90A1952B17300644C44 /* PBXContainerItemProxy */;
		};
/* End PBXTargetDependency section */

/* Begin PBXVariantGroup section */
		340CE8F01952B17300644C44 /* InfoPlist.strings */ = {
			isa = PBXVariantGroup;
			children = (
				340CE8F11952B17300644C44 /* en */,
			);
			name = InfoPlist.strings;
			sourceTree = "<group>";
		};
		340CE8F91952B17300644C44 /* Main.storyboard */ = {
			isa = PBXVariantGroup;
			children = (
				340CE8FA1952B17300644C44 /* Base */,
			);
			name = Main.storyboard;
			sourceTree = "<group>";
		};
		340CE90F1952B17300644C44 /* InfoPlist.strings */ = {
			isa = PBXVariantGroup;
			children = (
				340CE9101952B17300644C44 /* en */,
			);
			name = InfoPlist.strings;
			sourceTree = "<group>";
		};
/* End PBXVariantGroup section */

/* Begin XCBuildConfiguration section */
		340CE9141952B17300644C44 /* Debug */ = {
			isa = XCBuildConfiguration;
			buildSettings = {
				ALWAYS_SEARCH_USER_PATHS = NO;
				CLANG_CXX_LANGUAGE_STANDARD = "gnu++0x";
				CLANG_CXX_LIBRARY = "libc++";
				CLANG_ENABLE_MODULES = YES;
				CLANG_ENABLE_OBJC_ARC = YES;
				CLANG_WARN_BOOL_CONVERSION = YES;
				CLANG_WARN_CONSTANT_CONVERSION = YES;
				CLANG_WARN_DIRECT_OBJC_ISA_USAGE = YES_ERROR;
				CLANG_WARN_EMPTY_BODY = YES;
				CLANG_WARN_ENUM_CONVERSION = YES;
				CLANG_WARN_INT_CONVERSION = YES;
				CLANG_WARN_OBJC_ROOT_CLASS = YES_ERROR;
				CLANG_WARN__DUPLICATE_METHOD_MATCH = YES;
				"CODE_SIGN_IDENTITY[sdk=iphoneos*]" = "iPhone Developer";
				COPY_PHASE_STRIP = NO;
				GCC_C_LANGUAGE_STANDARD = gnu99;
				GCC_DYNAMIC_NO_PIC = NO;
				GCC_OPTIMIZATION_LEVEL = 0;
				GCC_PREPROCESSOR_DEFINITIONS = (
					"DEBUG=1",
					"$(inherited)",
				);
				GCC_SYMBOLS_PRIVATE_EXTERN = NO;
				GCC_WARN_64_TO_32_BIT_CONVERSION = YES;
				GCC_WARN_ABOUT_RETURN_TYPE = YES_ERROR;
				GCC_WARN_UNDECLARED_SELECTOR = YES;
				GCC_WARN_UNINITIALIZED_AUTOS = YES_AGGRESSIVE;
				GCC_WARN_UNUSED_FUNCTION = YES;
				GCC_WARN_UNUSED_VARIABLE = YES;
				IPHONEOS_DEPLOYMENT_TARGET = 7.1;
				ONLY_ACTIVE_ARCH = YES;
				SDKROOT = iphoneos;
			};
			name = Debug;
		};
		340CE9151952B17300644C44 /* Release */ = {
			isa = XCBuildConfiguration;
			buildSettings = {
				ALWAYS_SEARCH_USER_PATHS = NO;
				CLANG_CXX_LANGUAGE_STANDARD = "gnu++0x";
				CLANG_CXX_LIBRARY = "libc++";
				CLANG_ENABLE_MODULES = YES;
				CLANG_ENABLE_OBJC_ARC = YES;
				CLANG_WARN_BOOL_CONVERSION = YES;
				CLANG_WARN_CONSTANT_CONVERSION = YES;
				CLANG_WARN_DIRECT_OBJC_ISA_USAGE = YES_ERROR;
				CLANG_WARN_EMPTY_BODY = YES;
				CLANG_WARN_ENUM_CONVERSION = YES;
				CLANG_WARN_INT_CONVERSION = YES;
				CLANG_WARN_OBJC_ROOT_CLASS = YES_ERROR;
				CLANG_WARN__DUPLICATE_METHOD_MATCH = YES;
				"CODE_SIGN_IDENTITY[sdk=iphoneos*]" = "iPhone Developer";
				COPY_PHASE_STRIP = YES;
				ENABLE_NS_ASSERTIONS = NO;
				GCC_C_LANGUAGE_STANDARD = gnu99;
				GCC_WARN_64_TO_32_BIT_CONVERSION = YES;
				GCC_WARN_ABOUT_RETURN_TYPE = YES_ERROR;
				GCC_WARN_UNDECLARED_SELECTOR = YES;
				GCC_WARN_UNINITIALIZED_AUTOS = YES_AGGRESSIVE;
				GCC_WARN_UNUSED_FUNCTION = YES;
				GCC_WARN_UNUSED_VARIABLE = YES;
				IPHONEOS_DEPLOYMENT_TARGET = 7.1;
				SDKROOT = iphoneos;
				VALIDATE_PRODUCT = YES;
			};
			name = Release;
		};
		340CE9171952B17300644C44 /* Debug */ = {
			isa = XCBuildConfiguration;
			buildSettings = {
				ASSETCATALOG_COMPILER_APPICON_NAME = AppIcon;
				ASSETCATALOG_COMPILER_LAUNCHIMAGE_NAME = LaunchImage;
				GCC_PRECOMPILE_PREFIX_HEADER = YES;
				GCC_PREFIX_HEADER = "Imaginarium/Imaginarium-Prefix.pch";
				INFOPLIST_FILE = "Imaginarium/Imaginarium-Info.plist";
				PRODUCT_NAME = "$(TARGET_NAME)";
				WRAPPER_EXTENSION = app;
			};
			name = Debug;
		};
		340CE9181952B17300644C44 /* Release */ = {
			isa = XCBuildConfiguration;
			buildSettings = {
				ASSETCATALOG_COMPILER_APPICON_NAME = AppIcon;
				ASSETCATALOG_COMPILER_LAUNCHIMAGE_NAME = LaunchImage;
				GCC_PRECOMPILE_PREFIX_HEADER = YES;
				GCC_PREFIX_HEADER = "Imaginarium/Imaginarium-Prefix.pch";
				INFOPLIST_FILE = "Imaginarium/Imaginarium-Info.plist";
				PRODUCT_NAME = "$(TARGET_NAME)";
				WRAPPER_EXTENSION = app;
			};
			name = Release;
		};
		340CE91A1952B17300644C44 /* Debug */ = {
			isa = XCBuildConfiguration;
			buildSettings = {
				BUNDLE_LOADER = "$(BUILT_PRODUCTS_DIR)/Imaginarium.app/Imaginarium";
				FRAMEWORK_SEARCH_PATHS = (
					"$(SDKROOT)/Developer/Library/Frameworks",
					"$(inherited)",
					"$(DEVELOPER_FRAMEWORKS_DIR)",
				);
				GCC_PRECOMPILE_PREFIX_HEADER = YES;
				GCC_PREFIX_HEADER = "Imaginarium/Imaginarium-Prefix.pch";
				GCC_PREPROCESSOR_DEFINITIONS = (
					"DEBUG=1",
					"$(inherited)",
				);
				INFOPLIST_FILE = "ImaginariumTests/ImaginariumTests-Info.plist";
				PRODUCT_NAME = "$(TARGET_NAME)";
				TEST_HOST = "$(BUNDLE_LOADER)";
				WRAPPER_EXTENSION = xctest;
			};
			name = Debug;
		};
		340CE91B1952B17300644C44 /* Release */ = {
			isa = XCBuildConfiguration;
			buildSettings = {
				BUNDLE_LOADER = "$(BUILT_PRODUCTS_DIR)/Imaginarium.app/Imaginarium";
				FRAMEWORK_SEARCH_PATHS = (
					"$(SDKROOT)/Developer/Library/Frameworks",
					"$(inherited)",
					"$(DEVELOPER_FRAMEWORKS_DIR)",
				);
				GCC_PRECOMPILE_PREFIX_HEADER = YES;
				GCC_PREFIX_HEADER = "Imaginarium/Imaginarium-Prefix.pch";
				INFOPLIST_FILE = "ImaginariumTests/ImaginariumTests-Info.plist";
				PRODUCT_NAME = "$(TARGET_NAME)";
				TEST_HOST = "$(BUNDLE_LOADER)";
				WRAPPER_EXTENSION = xctest;
			};
			name = Release;
		};
/* End XCBuildConfiguration section */

/* Begin XCConfigurationList section */
		340CE8DF1952B17300644C44 /* Build configuration list for PBXProject "Imaginarium" */ = {
			isa = XCConfigurationList;
			buildConfigurations = (
				340CE9141952B17300644C44 /* Debug */,
				340CE9151952B17300644C44 /* Release */,
			);
			defaultConfigurationIsVisible = 0;
			defaultConfigurationName = Release;
		};
		340CE9161952B17300644C44 /* Build configuration list for PBXNativeTarget "Imaginarium" */ = {
			isa = XCConfigurationList;
			buildConfigurations = (
				340CE9171952B17300644C44 /* Debug */,
				340CE9181952B17300644C44 /* Release */,
			);
			defaultConfigurationIsVisible = 0;
		};
		340CE9191952B17300644C44 /* Build configuration list for PBXNativeTarget "ImaginariumTests" */ = {
			isa = XCConfigurationList;
			buildConfigurations = (
				340CE91A1952B17300644C44 /* Debug */,
				340CE91B1952B17300644C44 /* Release */,
			);
			defaultConfigurationIsVisible = 0;
		};
/* End XCConfigurationList section */
	};
	rootObject = 340CE8DC1952B17300644C44 /* Project object */;
}
